{
  "requires": true,
  "lockfileVersion": 1,
  "dependencies": {
    "react-checklist": {
      "version": "1.0.9",
      "resolved": "https://registry.npmjs.org/react-checklist/-/react-checklist-1.0.9.tgz",
      "integrity": "sha512-Oisw98fUtYVaMPrs2HJ9sI6945zLyVx0y8rMwcUJLtKkRxdtNBWQ7AhTRc8yKKh/rJEGdR8YxqteVV1ewBTehw=="
    }
  }
}
